<?xml version="1.0" encoding="UTF-8"?>
<Scheme
   LastUpgradeVersion = "1600"
   version = "1.7">
   <BuildAction
      parallelizeBuildables = "YES"
      buildImplicitDependencies = "YES"
      buildArchitectures = "Automatic">
      <BuildActionEntries>
         <BuildActionEntry
            buildForTesting = "YES"
            buildForRunning = "YES"
            buildForProfiling = "YES"
            buildForArchiving = "YES"
            buildForAnalyzing = "YES">
            <BuildableReference
               BuildableIdentifier = "primary"
               BlueprintIdentifier = "C854C0AB2D03A1BD00BC8A02"
               BuildableName = "Bear-Tracks.app"
               BlueprintName = "Bear-Tracks"
               ReferencedContainer = "container:Bear-Tracks.xcodeproj">
            </BuildableReference>
         </BuildActionEntry>
      </BuildActionEntries>
   </BuildAction>
   <TestAction
      buildConfiguration = "Debug"
      selectedDebuggerIdentifier = "Xcode.DebuggerFoundation.Debugger.LLDB"
      selectedLauncherIdentifier = "Xcode.DebuggerFoundation.Launcher.LLDB"
      shouldUseLaunchSchemeArgsEnv = "YES"
      shouldAutocreateTestPlan = "YES">
      <Testables>
         <TestableReference
            skipped = "NO"
            parallelizable = "YES">
            <BuildableReference
               BuildableIdentifier = "primary"
               BlueprintIdentifier = "C854C0BC2D03A1BF00BC8A02"
               BuildableName = "Bear-TracksTests.xctest"
               BlueprintName = "Bear-TracksTests"
               ReferencedContainer = "container:Bear-Tracks.xcodeproj">
            </BuildableReference>
         </TestableReference>
         <TestableReference
            skipped = "NO"
            parallelizable = "YES">
            <BuildableReference
               BuildableIdentifier = "primary"
               BlueprintIdentifier = "C854C0C62D03A1BF00BC8A02"
               BuildableName = "Bear-TracksUITests.xctest"
               BlueprintName = "Bear-TracksUITests"
               ReferencedContainer = "container:Bear-Tracks.xcodeproj">
            </BuildableReference>
         </TestableReference>
      </Testables>
   </TestAction>
   <LaunchAction
      buildConfiguration = "Debug"
      selectedDebuggerIdentifier = "Xcode.DebuggerFoundation.Debugger.LLDB"
      selectedLauncherIdentifier = "Xcode.DebuggerFoundation.Launcher.LLDB"
      launchStyle = "0"
      useCustomWorkingDirectory = "NO"
      ignoresPersistentStateOnLaunch = "NO"
      debugDocumentVersioning = "YES"
      debugServiceExtension = "internal"
      allowLocationSimulation = "YES">
      <BuildableProductRunnable
         runnableDebuggingMode = "0">
         <BuildableReference
            BuildableIdentifier = "primary"
            BlueprintIdentifier = "C854C0AB2D03A1BD00BC8A02"
            BuildableName = "Bear-Tracks.app"
            BlueprintName = "Bear-Tracks"
            ReferencedContainer = "container:Bear-Tracks.xcodeproj">
         </BuildableReference>
      </BuildableProductRunnable>
      <EnvironmentVariables>
         <EnvironmentVariable
            key = "BUNDLE_ID"
            value = "com.mycompany.Bear-Tracks"
            isEnabled = "YES">
         </EnvironmentVariable>
         <EnvironmentVariable
            key = "GIDClientID"
            value = "544106969302-d1noh8cv8elf64mhadmc55l5jbut5qsb.apps.googleusercontent.com"
            isEnabled = "YES">
         </EnvironmentVariable>
         <EnvironmentVariable
            key = "REVERSED_CLIENT_ID"
            value = "com.googleusercontent.apps.544106969302-d1noh8cv8elf64mhadmc55l5jbut5qsb"
            isEnabled = "YES">
         </EnvironmentVariable>
         <EnvironmentVariable
            key = "PLIST_VERSION"
            value = "1"
            isEnabled = "YES">
         </EnvironmentVariable>
      </EnvironmentVariables>
   </LaunchAction>
   <ProfileAction
      buildConfiguration = "Release"
      shouldUseLaunchSchemeArgsEnv = "YES"
      savedToolIdentifier = ""
      useCustomWorkingDirectory = "NO"
      debugDocumentVersioning = "YES">
      <BuildableProductRunnable
         runnableDebuggingMode = "0">
         <BuildableReference
            BuildableIdentifier = "primary"
            BlueprintIdentifier = "C854C0AB2D03A1BD00BC8A02"
            BuildableName = "Bear-Tracks.app"
            BlueprintName = "Bear-Tracks"
            ReferencedContainer = "container:Bear-Tracks.xcodeproj">
         </BuildableReference>
      </BuildableProductRunnable>
   </ProfileAction>
   <AnalyzeAction
      buildConfiguration = "Debug">
   </AnalyzeAction>
   <ArchiveAction
      buildConfiguration = "Release"
      revealArchiveInOrganizer = "YES">
   </ArchiveAction>
</Scheme>
